
Microsoft Visual Studio Solution File, Format Version 12.00
# Visual Studio 15
Project("{FAE04EC0-301F-11D3-BF4B-00C04F79EFBC}") = "Assembly-CSharp", "Assembly-CSharp.csproj", "{58C0891A-40DD-975B-0406-EDB4B3A9015B}"
EndProject
Project("{FAE04EC0-301F-11D3-BF4B-00C04F79EFBC}") = "Assembly-CSharp-Editor", "Assembly-CSharp-Editor.csproj", "{6CCE131F-462E-F9C4-A44E-93D84DF39108}"
EndProject
Global
	GlobalSection(SolutionConfigurationPlatforms) = preSolution
		Debug|Any CPU = Debug|Any CPU
		Release|Any CPU = Release|Any CPU
	EndGlobalSection
	GlobalSection(ProjectConfigurationPlatforms) = postSolution
		{58C0891A-40DD-975B-0406-EDB4B3A9015B}.Debug|Any CPU.ActiveCfg = Debug|Any CPU
		{58C0891A-40DD-975B-0406-EDB4B3A9015B}.Debug|Any CPU.Build.0 = Debug|Any CPU
		{58C0891A-40DD-975B-0406-EDB4B3A9015B}.Release|Any CPU.ActiveCfg = Release|Any CPU
		{58C0891A-40DD-975B-0406-EDB4B3A9015B}.Release|Any CPU.Build.0 = Release|Any CPU
		{6CCE131F-462E-F9C4-A44E-93D84DF39108}.Debug|Any CPU.ActiveCfg = Debug|Any CPU
		{6CCE131F-462E-F9C4-A44E-93D84DF39108}.Debug|Any CPU.Build.0 = Debug|Any CPU
		{6CCE131F-462E-F9C4-A44E-93D84DF39108}.Release|Any CPU.ActiveCfg = Release|Any CPU
		{6CCE131F-462E-F9C4-A44E-93D84DF39108}.Release|Any CPU.Build.0 = Release|Any CPU
	EndGlobalSection
	GlobalSection(SolutionProperties) = preSolution
		HideSolutionNode = FALSE
	EndGlobalSection
	GlobalSection(MonoDevelopProperties) = preSolution
		StartupItem = Assembly-CSharp.csproj
	EndGlobalSection
EndGlobal
